
Microsoft Visual Studio Solution File, Format Version 10.00
# Visual Studio 2008
Project("{8BC9CEB8-8B4A-11D0-8D11-00A0C91BC942}") = "PEEL", "Physics\PhysicsTest.vcproj", "{48F3F88D-E628-4E2E-9F22-C4D5CF8A046D}"
EndProject
Project("{8BC9CEB8-8B4A-11D0-8D11-00A0C91BC942}") = "PINT_NovodeX", "Physics\PINT_NovodeX\PINT_NovodeX.vcproj", "{E5061BD5-B1FD-49DF-9032-6C347987F26B}"
EndProject
Project("{8BC9CEB8-8B4A-11D0-8D11-00A0C91BC942}") = "PINT_Bullet", "Physics\PINT_Bullet\PINT_Bullet.vcproj", "{DEA72C24-CD96-4403-B3E2-23F27B49AB83}"
EndProject
Project("{8BC9CEB8-8B4A-11D0-8D11-00A0C91BC942}") = "PINT_PhysX284", "Physics\PINT_PhysX2_8_4\PINT_PhysX284.vcproj", "{5CE71CB4-1BF7-421F-BA4C-8CCD33882208}"
EndProject
Project("{8BC9CEB8-8B4A-11D0-8D11-00A0C91BC942}") = "PINT_Havok660", "Physics\PINT_Havok660\PINT_Havok660.vcproj", "{3D3637B6-1393-4350-AB05-0C7588440861}"
EndProject
Project("{8BC9CEB8-8B4A-11D0-8D11-00A0C91BC942}") = "PINT_Havok2011_3_0", "Physics\PINT_Havok2011_3_0\PINT_Havok2011_3_0.vcproj", "{F296925D-1BEE-4323-A373-048D76C70826}"
EndProject
Project("{8BC9CEB8-8B4A-11D0-8D11-00A0C91BC942}") = "PINT_PhysX32", "Physics\PINT_PhysX3_2\PINT_PhysX32.vcproj", "{F04F3982-E333-42F2-A4F3-0B6DC2C120AE}"
EndProject
Project("{8BC9CEB8-8B4A-11D0-8D11-00A0C91BC942}") = "PINT_PhysX31", "Physics\PINT_PhysX3_1\PINT_PhysX31.vcproj", "{3A4133FB-33C8-4E5C-8B2E-6386D61A023F}"
EndProject
Project("{8BC9CEB8-8B4A-11D0-8D11-00A0C91BC942}") = "PINT_Bullet281", "Physics\PINT_Bullet281\PINT_Bullet281.vcproj", "{6C6F50B3-1256-4761-936D-2BE229FC7E4B}"
EndProject
Project("{8BC9CEB8-8B4A-11D0-8D11-00A0C91BC942}") = "PINT_Havok2011_3_1", "Physics\PINT_Havok2011_3_1\PINT_Havok2011_3_1.vcproj", "{494396D6-63F0-44F6-8DD3-CAAD1BC739B2}"
EndProject
Project("{8BC9CEB8-8B4A-11D0-8D11-00A0C91BC942}") = "PINT_Havok2012_1_0", "Physics\PINT_Havok2012_1_0\PINT_Havok2012_1_0.vcproj", "{97A05320-7D25-4DD9-831E-7A437B650325}"
EndProject
Project("{8BC9CEB8-8B4A-11D0-8D11-00A0C91BC942}") = "PINT_Opcode13", "Physics\PINT_Opcode1_3\PINT_Opcode13.vcproj", "{E328143E-FA94-4A63-832F-E1085D806A59}"
EndProject
Project("{8BC9CEB8-8B4A-11D0-8D11-00A0C91BC942}") = "PINT_Stats", "Physics\PINT_Stats\PINT_Stats.vcproj", "{1F388884-42A1-492A-A80C-7D05AD0F1041}"
EndProject
Project("{8BC9CEB8-8B4A-11D0-8D11-00A0C91BC942}") = "PINT_Skeleton", "Physics\PINT_Skeleton\PINT_Skeleton.vcproj", "{983ED3F1-D32A-470A-994D-8F637EA686E2}"
EndProject
Project("{8BC9CEB8-8B4A-11D0-8D11-00A0C91BC942}") = "PINT_Havok2012_2_0", "Physics\PINT_Havok2012_2_0\PINT_Havok2012_2_0.vcproj", "{9DF59D5D-F6AA-4F33-866B-1E31AA065306}"
EndProject
Project("{8BC9CEB8-8B4A-11D0-8D11-00A0C91BC942}") = "PINT_PhysX330", "Physics\PINT_PhysX3_3_0\PINT_PhysX330.vcproj", "{0ADD47D8-06B2-4707-A70B-29F18B129D97}"
EndProject
Project("{8BC9CEB8-8B4A-11D0-8D11-00A0C91BC942}") = "PINT_Havok2013_1_0", "Physics\PINT_Havok2013_1_0\PINT_Havok2013_1_0.vcproj", "{71E1EB6D-E756-49DF-BA8B-755BD6CA9D5C}"
EndProject
Project("{8BC9CEB8-8B4A-11D0-8D11-00A0C91BC942}") = "PINT_PhysX332", "Physics\PINT_PhysX3_3_2\PINT_PhysX332.vcproj", "{D19CDC9F-F0C9-49E1-82AB-F40C9A9EC90D}"
EndProject
Project("{8BC9CEB8-8B4A-11D0-8D11-00A0C91BC942}") = "PINT_Bullet282", "Physics\PINT_Bullet282\PINT_Bullet282.vcproj", "{548779EF-3ADF-4261-93DC-A5DA5B79D42A}"
EndProject
Project("{8BC9CEB8-8B4A-11D0-8D11-00A0C91BC942}") = "PINT_PhysX331", "Physics\PINT_PhysX3_3_1\PINT_PhysX331.vcproj", "{9195EA70-89C2-4CD1-8D68-97903E027847}"
EndProject
Project("{8BC9CEB8-8B4A-11D0-8D11-00A0C91BC942}") = "PINT_Newton_3_9", "Physics\PINT_Newton3_9\PINT_Newton3_9.vcproj", "{5E84F6A0-F390-47D1-A113-28693BFBADB5}"
EndProject
Project("{8BC9CEB8-8B4A-11D0-8D11-00A0C91BC942}") = "PINT_PhysX334", "Physics\PINT_PhysX3_3_4\PINT_PhysX334.vcproj", "{E035D09E-7403-44C3-B170-AC180B1FCB22}"
EndProject
Project("{8BC9CEB8-8B4A-11D0-8D11-00A0C91BC942}") = "PINT_Havok2014_1_0", "Physics\PINT_Havok2014_1_0\PINT_Havok2014_1_0.vcproj", "{2986A0EB-76F6-4583-94BC-2FB6DED67CBF}"
EndProject
Project("{8BC9CEB8-8B4A-11D0-8D11-00A0C91BC942}") = "PINT_Newton_3_14", "Physics\PINT_Newton3_14\PINT_Newton3_14.vcproj", "{589BB519-42AC-4733-91C9-5C84759BE2DF}"
EndProject
Project("{8BC9CEB8-8B4A-11D0-8D11-00A0C91BC942}") = "PINT_Newton_3_13_Stable", "Physics\PINT_Newton3_13_Stable\PINT_Newton3_13_Stable.vcproj", "{A71DF00A-AB59-493C-AADF-B1B7778E10BF}"
EndProject
Project("{8BC9CEB8-8B4A-11D0-8D11-00A0C91BC942}") = "PINT_Bullet285", "Physics\PINT_Bullet285\PINT_Bullet285.vcproj", "{2D8F9E2E-F110-41F9-8489-ECA11A0A9157}"
EndProject
Project("{8BC9CEB8-8B4A-11D0-8D11-00A0C91BC942}") = "PINT_Newton_3_12", "Physics\PINT_Newton3_12\PINT_Newton3_12.vcproj", "{FD3EED39-057C-4227-AD0B-D099B72BC578}"
EndProject
Project("{8BC9CEB8-8B4A-11D0-8D11-00A0C91BC942}") = "PINT_PhysX34_CL_21578609", "Physics\PINT_PhysX3_4_CL_21578609\PINT_PhysX34_CL_21578609.vcproj", "{69D568D4-CE74-4091-9AF3-42D7C2489A64}"
EndProject
Project("{8BC9CEB8-8B4A-11D0-8D11-00A0C91BC942}") = "PINT_Bounce", "Physics\PINT_Bounce\PINT_Bounce.vcproj", "{9DDC9169-19C4-4696-B343-2A0869738C9D}"
EndProject
Global
	GlobalSection(SolutionConfigurationPlatforms) = preSolution
		Debug|Win32 = Debug|Win32
		Debug|x64 = Debug|x64
		Profile|Win32 = Profile|Win32
		Profile|x64 = Profile|x64
		Release|Win32 = Release|Win32
		Release|x64 = Release|x64
	EndGlobalSection
	GlobalSection(ProjectConfigurationPlatforms) = postSolution
		{48F3F88D-E628-4E2E-9F22-C4D5CF8A046D}.Debug|Win32.ActiveCfg = Debug|Win32
		{48F3F88D-E628-4E2E-9F22-C4D5CF8A046D}.Debug|Win32.Build.0 = Debug|Win32
		{48F3F88D-E628-4E2E-9F22-C4D5CF8A046D}.Debug|x64.ActiveCfg = Debug|x64
		{48F3F88D-E628-4E2E-9F22-C4D5CF8A046D}.Debug|x64.Build.0 = Debug|x64
		{48F3F88D-E628-4E2E-9F22-C4D5CF8A046D}.Profile|Win32.ActiveCfg = Release|Win32
		{48F3F88D-E628-4E2E-9F22-C4D5CF8A046D}.Profile|Win32.Build.0 = Release|Win32
		{48F3F88D-E628-4E2E-9F22-C4D5CF8A046D}.Profile|x64.ActiveCfg = Release|x64
		{48F3F88D-E628-4E2E-9F22-C4D5CF8A046D}.Profile|x64.Build.0 = Release|x64
		{48F3F88D-E628-4E2E-9F22-C4D5CF8A046D}.Release|Win32.ActiveCfg = Release|Win32
		{48F3F88D-E628-4E2E-9F22-C4D5CF8A046D}.Release|Win32.Build.0 = Release|Win32
		{48F3F88D-E628-4E2E-9F22-C4D5CF8A046D}.Release|x64.ActiveCfg = Release|x64
		{48F3F88D-E628-4E2E-9F22-C4D5CF8A046D}.Release|x64.Build.0 = Release|x64
		{E5061BD5-B1FD-49DF-9032-6C347987F26B}.Debug|Win32.ActiveCfg = Debug|Win32
		{E5061BD5-B1FD-49DF-9032-6C347987F26B}.Debug|Win32.Build.0 = Debug|Win32
		{E5061BD5-B1FD-49DF-9032-6C347987F26B}.Debug|x64.ActiveCfg = Debug|x64
		{E5061BD5-B1FD-49DF-9032-6C347987F26B}.Debug|x64.Build.0 = Debug|x64
		{E5061BD5-B1FD-49DF-9032-6C347987F26B}.Profile|Win32.ActiveCfg = Release|Win32
		{E5061BD5-B1FD-49DF-9032-6C347987F26B}.Profile|Win32.Build.0 = Release|Win32
		{E5061BD5-B1FD-49DF-9032-6C347987F26B}.Profile|x64.ActiveCfg = Release|x64
		{E5061BD5-B1FD-49DF-9032-6C347987F26B}.Profile|x64.Build.0 = Release|x64
		{E5061BD5-B1FD-49DF-9032-6C347987F26B}.Release|Win32.ActiveCfg = Release|Win32
		{E5061BD5-B1FD-49DF-9032-6C347987F26B}.Release|Win32.Build.0 = Release|Win32
		{E5061BD5-B1FD-49DF-9032-6C347987F26B}.Release|x64.ActiveCfg = Release|x64
		{E5061BD5-B1FD-49DF-9032-6C347987F26B}.Release|x64.Build.0 = Release|x64
		{DEA72C24-CD96-4403-B3E2-23F27B49AB83}.Debug|Win32.ActiveCfg = Debug|Win32
		{DEA72C24-CD96-4403-B3E2-23F27B49AB83}.Debug|Win32.Build.0 = Debug|Win32
		{DEA72C24-CD96-4403-B3E2-23F27B49AB83}.Debug|x64.ActiveCfg = Debug|x64
		{DEA72C24-CD96-4403-B3E2-23F27B49AB83}.Debug|x64.Build.0 = Debug|x64
		{DEA72C24-CD96-4403-B3E2-23F27B49AB83}.Profile|Win32.ActiveCfg = Release|Win32
		{DEA72C24-CD96-4403-B3E2-23F27B49AB83}.Profile|Win32.Build.0 = Release|Win32
		{DEA72C24-CD96-4403-B3E2-23F27B49AB83}.Profile|x64.ActiveCfg = Release|x64
		{DEA72C24-CD96-4403-B3E2-23F27B49AB83}.Profile|x64.Build.0 = Release|x64
		{DEA72C24-CD96-4403-B3E2-23F27B49AB83}.Release|Win32.ActiveCfg = Release|Win32
		{DEA72C24-CD96-4403-B3E2-23F27B49AB83}.Release|Win32.Build.0 = Release|Win32
		{DEA72C24-CD96-4403-B3E2-23F27B49AB83}.Release|x64.ActiveCfg = Release|x64
		{DEA72C24-CD96-4403-B3E2-23F27B49AB83}.Release|x64.Build.0 = Release|x64
		{5CE71CB4-1BF7-421F-BA4C-8CCD33882208}.Debug|Win32.ActiveCfg = Debug|Win32
		{5CE71CB4-1BF7-421F-BA4C-8CCD33882208}.Debug|Win32.Build.0 = Debug|Win32
		{5CE71CB4-1BF7-421F-BA4C-8CCD33882208}.Debug|x64.ActiveCfg = Debug|x64
		{5CE71CB4-1BF7-421F-BA4C-8CCD33882208}.Debug|x64.Build.0 = Debug|x64
		{5CE71CB4-1BF7-421F-BA4C-8CCD33882208}.Profile|Win32.ActiveCfg = Release|Win32
		{5CE71CB4-1BF7-421F-BA4C-8CCD33882208}.Profile|Win32.Build.0 = Release|Win32
		{5CE71CB4-1BF7-421F-BA4C-8CCD33882208}.Profile|x64.ActiveCfg = Release|x64
		{5CE71CB4-1BF7-421F-BA4C-8CCD33882208}.Profile|x64.Build.0 = Release|x64
		{5CE71CB4-1BF7-421F-BA4C-8CCD33882208}.Release|Win32.ActiveCfg = Release|Win32
		{5CE71CB4-1BF7-421F-BA4C-8CCD33882208}.Release|Win32.Build.0 = Release|Win32
		{5CE71CB4-1BF7-421F-BA4C-8CCD33882208}.Release|x64.ActiveCfg = Release|x64
		{5CE71CB4-1BF7-421F-BA4C-8CCD33882208}.Release|x64.Build.0 = Release|x64
		{3D3637B6-1393-4350-AB05-0C7588440861}.Debug|Win32.ActiveCfg = Debug|Win32
		{3D3637B6-1393-4350-AB05-0C7588440861}.Debug|Win32.Build.0 = Debug|Win32
		{3D3637B6-1393-4350-AB05-0C7588440861}.Debug|x64.ActiveCfg = Debug|x64
		{3D3637B6-1393-4350-AB05-0C7588440861}.Debug|x64.Build.0 = Debug|x64
		{3D3637B6-1393-4350-AB05-0C7588440861}.Profile|Win32.ActiveCfg = Release|Win32
		{3D3637B6-1393-4350-AB05-0C7588440861}.Profile|Win32.Build.0 = Release|Win32
		{3D3637B6-1393-4350-AB05-0C7588440861}.Profile|x64.ActiveCfg = Release|x64
		{3D3637B6-1393-4350-AB05-0C7588440861}.Profile|x64.Build.0 = Release|x64
		{3D3637B6-1393-4350-AB05-0C7588440861}.Release|Win32.ActiveCfg = Release|Win32
		{3D3637B6-1393-4350-AB05-0C7588440861}.Release|Win32.Build.0 = Release|Win32
		{3D3637B6-1393-4350-AB05-0C7588440861}.Release|x64.ActiveCfg = Release|x64
		{3D3637B6-1393-4350-AB05-0C7588440861}.Release|x64.Build.0 = Release|x64
		{F296925D-1BEE-4323-A373-048D76C70826}.Debug|Win32.ActiveCfg = Debug|Win32
		{F296925D-1BEE-4323-A373-048D76C70826}.Debug|Win32.Build.0 = Debug|Win32
		{F296925D-1BEE-4323-A373-048D76C70826}.Debug|x64.ActiveCfg = Debug|x64
		{F296925D-1BEE-4323-A373-048D76C70826}.Debug|x64.Build.0 = Debug|x64
		{F296925D-1BEE-4323-A373-048D76C70826}.Profile|Win32.ActiveCfg = Release|Win32
		{F296925D-1BEE-4323-A373-048D76C70826}.Profile|Win32.Build.0 = Release|Win32
		{F296925D-1BEE-4323-A373-048D76C70826}.Profile|x64.ActiveCfg = Release|x64
		{F296925D-1BEE-4323-A373-048D76C70826}.Profile|x64.Build.0 = Release|x64
		{F296925D-1BEE-4323-A373-048D76C70826}.Release|Win32.ActiveCfg = Release|Win32
		{F296925D-1BEE-4323-A373-048D76C70826}.Release|Win32.Build.0 = Release|Win32
		{F296925D-1BEE-4323-A373-048D76C70826}.Release|x64.ActiveCfg = Release|x64
		{F296925D-1BEE-4323-A373-048D76C70826}.Release|x64.Build.0 = Release|x64
		{F04F3982-E333-42F2-A4F3-0B6DC2C120AE}.Debug|Win32.ActiveCfg = Debug|Win32
		{F04F3982-E333-42F2-A4F3-0B6DC2C120AE}.Debug|Win32.Build.0 = Debug|Win32
		{F04F3982-E333-42F2-A4F3-0B6DC2C120AE}.Debug|x64.ActiveCfg = Debug|x64
		{F04F3982-E333-42F2-A4F3-0B6DC2C120AE}.Debug|x64.Build.0 = Debug|x64
		{F04F3982-E333-42F2-A4F3-0B6DC2C120AE}.Profile|Win32.ActiveCfg = Release|Win32
		{F04F3982-E333-42F2-A4F3-0B6DC2C120AE}.Profile|Win32.Build.0 = Release|Win32
		{F04F3982-E333-42F2-A4F3-0B6DC2C120AE}.Profile|x64.ActiveCfg = Release|x64
		{F04F3982-E333-42F2-A4F3-0B6DC2C120AE}.Profile|x64.Build.0 = Release|x64
		{F04F3982-E333-42F2-A4F3-0B6DC2C120AE}.Release|Win32.ActiveCfg = Release|Win32
		{F04F3982-E333-42F2-A4F3-0B6DC2C120AE}.Release|Win32.Build.0 = Release|Win32
		{F04F3982-E333-42F2-A4F3-0B6DC2C120AE}.Release|x64.ActiveCfg = Release|x64
		{F04F3982-E333-42F2-A4F3-0B6DC2C120AE}.Release|x64.Build.0 = Release|x64
		{3A4133FB-33C8-4E5C-8B2E-6386D61A023F}.Debug|Win32.ActiveCfg = Debug|Win32
		{3A4133FB-33C8-4E5C-8B2E-6386D61A023F}.Debug|Win32.Build.0 = Debug|Win32
		{3A4133FB-33C8-4E5C-8B2E-6386D61A023F}.Debug|x64.ActiveCfg = Debug|x64
		{3A4133FB-33C8-4E5C-8B2E-6386D61A023F}.Debug|x64.Build.0 = Debug|x64
		{3A4133FB-33C8-4E5C-8B2E-6386D61A023F}.Profile|Win32.ActiveCfg = Release|Win32
		{3A4133FB-33C8-4E5C-8B2E-6386D61A023F}.Profile|Win32.Build.0 = Release|Win32
		{3A4133FB-33C8-4E5C-8B2E-6386D61A023F}.Profile|x64.ActiveCfg = Release|x64
		{3A4133FB-33C8-4E5C-8B2E-6386D61A023F}.Profile|x64.Build.0 = Release|x64
		{3A4133FB-33C8-4E5C-8B2E-6386D61A023F}.Release|Win32.ActiveCfg = Release|Win32
		{3A4133FB-33C8-4E5C-8B2E-6386D61A023F}.Release|Win32.Build.0 = Release|Win32
		{3A4133FB-33C8-4E5C-8B2E-6386D61A023F}.Release|x64.ActiveCfg = Release|x64
		{3A4133FB-33C8-4E5C-8B2E-6386D61A023F}.Release|x64.Build.0 = Release|x64
		{6C6F50B3-1256-4761-936D-2BE229FC7E4B}.Debug|Win32.ActiveCfg = Debug|Win32
		{6C6F50B3-1256-4761-936D-2BE229FC7E4B}.Debug|Win32.Build.0 = Debug|Win32
		{6C6F50B3-1256-4761-936D-2BE229FC7E4B}.Debug|x64.ActiveCfg = Debug|x64
		{6C6F50B3-1256-4761-936D-2BE229FC7E4B}.Debug|x64.Build.0 = Debug|x64
		{6C6F50B3-1256-4761-936D-2BE229FC7E4B}.Profile|Win32.ActiveCfg = Release|Win32
		{6C6F50B3-1256-4761-936D-2BE229FC7E4B}.Profile|Win32.Build.0 = Release|Win32
		{6C6F50B3-1256-4761-936D-2BE229FC7E4B}.Profile|x64.ActiveCfg = Release|x64
		{6C6F50B3-1256-4761-936D-2BE229FC7E4B}.Profile|x64.Build.0 = Release|x64
		{6C6F50B3-1256-4761-936D-2BE229FC7E4B}.Release|Win32.ActiveCfg = Release|Win32
		{6C6F50B3-1256-4761-936D-2BE229FC7E4B}.Release|Win32.Build.0 = Release|Win32
		{6C6F50B3-1256-4761-936D-2BE229FC7E4B}.Release|x64.ActiveCfg = Release|x64
		{6C6F50B3-1256-4761-936D-2BE229FC7E4B}.Release|x64.Build.0 = Release|x64
		{494396D6-63F0-44F6-8DD3-CAAD1BC739B2}.Debug|Win32.ActiveCfg = Debug|Win32
		{494396D6-63F0-44F6-8DD3-CAAD1BC739B2}.Debug|Win32.Build.0 = Debug|Win32
		{494396D6-63F0-44F6-8DD3-CAAD1BC739B2}.Debug|x64.ActiveCfg = Debug|x64
		{494396D6-63F0-44F6-8DD3-CAAD1BC739B2}.Debug|x64.Build.0 = Debug|x64
		{494396D6-63F0-44F6-8DD3-CAAD1BC739B2}.Profile|Win32.ActiveCfg = Release|Win32
		{494396D6-63F0-44F6-8DD3-CAAD1BC739B2}.Profile|Win32.Build.0 = Release|Win32
		{494396D6-63F0-44F6-8DD3-CAAD1BC739B2}.Profile|x64.ActiveCfg = Release|x64
		{494396D6-63F0-44F6-8DD3-CAAD1BC739B2}.Profile|x64.Build.0 = Release|x64
		{494396D6-63F0-44F6-8DD3-CAAD1BC739B2}.Release|Win32.ActiveCfg = Release|Win32
		{494396D6-63F0-44F6-8DD3-CAAD1BC739B2}.Release|Win32.Build.0 = Release|Win32
		{494396D6-63F0-44F6-8DD3-CAAD1BC739B2}.Release|x64.ActiveCfg = Release|x64
		{494396D6-63F0-44F6-8DD3-CAAD1BC739B2}.Release|x64.Build.0 = Release|x64
		{97A05320-7D25-4DD9-831E-7A437B650325}.Debug|Win32.ActiveCfg = Debug|Win32
		{97A05320-7D25-4DD9-831E-7A437B650325}.Debug|Win32.Build.0 = Debug|Win32
		{97A05320-7D25-4DD9-831E-7A437B650325}.Debug|x64.ActiveCfg = Debug|x64
		{97A05320-7D25-4DD9-831E-7A437B650325}.Debug|x64.Build.0 = Debug|x64
		{97A05320-7D25-4DD9-831E-7A437B650325}.Profile|Win32.ActiveCfg = Release|Win32
		{97A05320-7D25-4DD9-831E-7A437B650325}.Profile|Win32.Build.0 = Release|Win32
		{97A05320-7D25-4DD9-831E-7A437B650325}.Profile|x64.ActiveCfg = Release|x64
		{97A05320-7D25-4DD9-831E-7A437B650325}.Profile|x64.Build.0 = Release|x64
		{97A05320-7D25-4DD9-831E-7A437B650325}.Release|Win32.ActiveCfg = Release|Win32
		{97A05320-7D25-4DD9-831E-7A437B650325}.Release|Win32.Build.0 = Release|Win32
		{97A05320-7D25-4DD9-831E-7A437B650325}.Release|x64.ActiveCfg = Release|x64
		{97A05320-7D25-4DD9-831E-7A437B650325}.Release|x64.Build.0 = Release|x64
		{E328143E-FA94-4A63-832F-E1085D806A59}.Debug|Win32.ActiveCfg = Debug|Win32
		{E328143E-FA94-4A63-832F-E1085D806A59}.Debug|Win32.Build.0 = Debug|Win32
		{E328143E-FA94-4A63-832F-E1085D806A59}.Debug|x64.ActiveCfg = Debug|x64
		{E328143E-FA94-4A63-832F-E1085D806A59}.Debug|x64.Build.0 = Debug|x64
		{E328143E-FA94-4A63-832F-E1085D806A59}.Profile|Win32.ActiveCfg = Release|Win32
		{E328143E-FA94-4A63-832F-E1085D806A59}.Profile|Win32.Build.0 = Release|Win32
		{E328143E-FA94-4A63-832F-E1085D806A59}.Profile|x64.ActiveCfg = Release|x64
		{E328143E-FA94-4A63-832F-E1085D806A59}.Profile|x64.Build.0 = Release|x64
		{E328143E-FA94-4A63-832F-E1085D806A59}.Release|Win32.ActiveCfg = Release|Win32
		{E328143E-FA94-4A63-832F-E1085D806A59}.Release|Win32.Build.0 = Release|Win32
		{E328143E-FA94-4A63-832F-E1085D806A59}.Release|x64.ActiveCfg = Release|x64
		{E328143E-FA94-4A63-832F-E1085D806A59}.Release|x64.Build.0 = Release|x64
		{1F388884-42A1-492A-A80C-7D05AD0F1041}.Debug|Win32.ActiveCfg = Debug|Win32
		{1F388884-42A1-492A-A80C-7D05AD0F1041}.Debug|Win32.Build.0 = Debug|Win32
		{1F388884-42A1-492A-A80C-7D05AD0F1041}.Debug|x64.ActiveCfg = Debug|x64
		{1F388884-42A1-492A-A80C-7D05AD0F1041}.Debug|x64.Build.0 = Debug|x64
		{1F388884-42A1-492A-A80C-7D05AD0F1041}.Profile|Win32.ActiveCfg = Release|Win32
		{1F388884-42A1-492A-A80C-7D05AD0F1041}.Profile|Win32.Build.0 = Release|Win32
		{1F388884-42A1-492A-A80C-7D05AD0F1041}.Profile|x64.ActiveCfg = Release|x64
		{1F388884-42A1-492A-A80C-7D05AD0F1041}.Profile|x64.Build.0 = Release|x64
		{1F388884-42A1-492A-A80C-7D05AD0F1041}.Release|Win32.ActiveCfg = Release|Win32
		{1F388884-42A1-492A-A80C-7D05AD0F1041}.Release|Win32.Build.0 = Release|Win32
		{1F388884-42A1-492A-A80C-7D05AD0F1041}.Release|x64.ActiveCfg = Release|x64
		{1F388884-42A1-492A-A80C-7D05AD0F1041}.Release|x64.Build.0 = Release|x64
		{983ED3F1-D32A-470A-994D-8F637EA686E2}.Debug|Win32.ActiveCfg = Debug|Win32
		{983ED3F1-D32A-470A-994D-8F637EA686E2}.Debug|Win32.Build.0 = Debug|Win32
		{983ED3F1-D32A-470A-994D-8F637EA686E2}.Debug|x64.ActiveCfg = Debug|x64
		{983ED3F1-D32A-470A-994D-8F637EA686E2}.Debug|x64.Build.0 = Debug|x64
		{983ED3F1-D32A-470A-994D-8F637EA686E2}.Profile|Win32.ActiveCfg = Release|Win32
		{983ED3F1-D32A-470A-994D-8F637EA686E2}.Profile|Win32.Build.0 = Release|Win32
		{983ED3F1-D32A-470A-994D-8F637EA686E2}.Profile|x64.ActiveCfg = Release|x64
		{983ED3F1-D32A-470A-994D-8F637EA686E2}.Profile|x64.Build.0 = Release|x64
		{983ED3F1-D32A-470A-994D-8F637EA686E2}.Release|Win32.ActiveCfg = Release|Win32
		{983ED3F1-D32A-470A-994D-8F637EA686E2}.Release|Win32.Build.0 = Release|Win32
		{983ED3F1-D32A-470A-994D-8F637EA686E2}.Release|x64.ActiveCfg = Release|x64
		{983ED3F1-D32A-470A-994D-8F637EA686E2}.Release|x64.Build.0 = Release|x64
		{9DF59D5D-F6AA-4F33-866B-1E31AA065306}.Debug|Win32.ActiveCfg = Debug|Win32
		{9DF59D5D-F6AA-4F33-866B-1E31AA065306}.Debug|Win32.Build.0 = Debug|Win32
		{9DF59D5D-F6AA-4F33-866B-1E31AA065306}.Debug|x64.ActiveCfg = Debug|x64
		{9DF59D5D-F6AA-4F33-866B-1E31AA065306}.Debug|x64.Build.0 = Debug|x64
		{9DF59D5D-F6AA-4F33-866B-1E31AA065306}.Profile|Win32.ActiveCfg = Release|Win32
		{9DF59D5D-F6AA-4F33-866B-1E31AA065306}.Profile|Win32.Build.0 = Release|Win32
		{9DF59D5D-F6AA-4F33-866B-1E31AA065306}.Profile|x64.ActiveCfg = Release|x64
		{9DF59D5D-F6AA-4F33-866B-1E31AA065306}.Profile|x64.Build.0 = Release|x64
		{9DF59D5D-F6AA-4F33-866B-1E31AA065306}.Release|Win32.ActiveCfg = Release|Win32
		{9DF59D5D-F6AA-4F33-866B-1E31AA065306}.Release|Win32.Build.0 = Release|Win32
		{9DF59D5D-F6AA-4F33-866B-1E31AA065306}.Release|x64.ActiveCfg = Release|x64
		{9DF59D5D-F6AA-4F33-866B-1E31AA065306}.Release|x64.Build.0 = Release|x64
		{0ADD47D8-06B2-4707-A70B-29F18B129D97}.Debug|Win32.ActiveCfg = Debug|Win32
		{0ADD47D8-06B2-4707-A70B-29F18B129D97}.Debug|Win32.Build.0 = Debug|Win32
		{0ADD47D8-06B2-4707-A70B-29F18B129D97}.Debug|x64.ActiveCfg = Debug|x64
		{0ADD47D8-06B2-4707-A70B-29F18B129D97}.Debug|x64.Build.0 = Debug|x64
		{0ADD47D8-06B2-4707-A70B-29F18B129D97}.Profile|Win32.ActiveCfg = Profile|Win32
		{0ADD47D8-06B2-4707-A70B-29F18B129D97}.Profile|Win32.Build.0 = Profile|Win32
		{0ADD47D8-06B2-4707-A70B-29F18B129D97}.Profile|x64.ActiveCfg = Profile|x64
		{0ADD47D8-06B2-4707-A70B-29F18B129D97}.Profile|x64.Build.0 = Profile|x64
		{0ADD47D8-06B2-4707-A70B-29F18B129D97}.Release|Win32.ActiveCfg = Release|Win32
		{0ADD47D8-06B2-4707-A70B-29F18B129D97}.Release|Win32.Build.0 = Release|Win32
		{0ADD47D8-06B2-4707-A70B-29F18B129D97}.Release|x64.ActiveCfg = Release|x64
		{0ADD47D8-06B2-4707-A70B-29F18B129D97}.Release|x64.Build.0 = Release|x64
		{71E1EB6D-E756-49DF-BA8B-755BD6CA9D5C}.Debug|Win32.ActiveCfg = Debug|Win32
		{71E1EB6D-E756-49DF-BA8B-755BD6CA9D5C}.Debug|Win32.Build.0 = Debug|Win32
		{71E1EB6D-E756-49DF-BA8B-755BD6CA9D5C}.Debug|x64.ActiveCfg = Debug|x64
		{71E1EB6D-E756-49DF-BA8B-755BD6CA9D5C}.Debug|x64.Build.0 = Debug|x64
		{71E1EB6D-E756-49DF-BA8B-755BD6CA9D5C}.Profile|Win32.ActiveCfg = Release|x64
		{71E1EB6D-E756-49DF-BA8B-755BD6CA9D5C}.Profile|x64.ActiveCfg = Release|x64
		{71E1EB6D-E756-49DF-BA8B-755BD6CA9D5C}.Profile|x64.Build.0 = Release|x64
		{71E1EB6D-E756-49DF-BA8B-755BD6CA9D5C}.Release|Win32.ActiveCfg = Release|Win32
		{71E1EB6D-E756-49DF-BA8B-755BD6CA9D5C}.Release|Win32.Build.0 = Release|Win32
		{71E1EB6D-E756-49DF-BA8B-755BD6CA9D5C}.Release|x64.ActiveCfg = Release|x64
		{71E1EB6D-E756-49DF-BA8B-755BD6CA9D5C}.Release|x64.Build.0 = Release|x64
		{D19CDC9F-F0C9-49E1-82AB-F40C9A9EC90D}.Debug|Win32.ActiveCfg = Debug|Win32
		{D19CDC9F-F0C9-49E1-82AB-F40C9A9EC90D}.Debug|Win32.Build.0 = Debug|Win32
		{D19CDC9F-F0C9-49E1-82AB-F40C9A9EC90D}.Debug|x64.ActiveCfg = Debug|x64
		{D19CDC9F-F0C9-49E1-82AB-F40C9A9EC90D}.Debug|x64.Build.0 = Debug|x64
		{D19CDC9F-F0C9-49E1-82AB-F40C9A9EC90D}.Profile|Win32.ActiveCfg = Profile|Win32
		{D19CDC9F-F0C9-49E1-82AB-F40C9A9EC90D}.Profile|Win32.Build.0 = Profile|Win32
		{D19CDC9F-F0C9-49E1-82AB-F40C9A9EC90D}.Profile|x64.ActiveCfg = Profile|x64
		{D19CDC9F-F0C9-49E1-82AB-F40C9A9EC90D}.Profile|x64.Build.0 = Profile|x64
		{D19CDC9F-F0C9-49E1-82AB-F40C9A9EC90D}.Release|Win32.ActiveCfg = Release|Win32
		{D19CDC9F-F0C9-49E1-82AB-F40C9A9EC90D}.Release|Win32.Build.0 = Release|Win32
		{D19CDC9F-F0C9-49E1-82AB-F40C9A9EC90D}.Release|x64.ActiveCfg = Release|x64
		{D19CDC9F-F0C9-49E1-82AB-F40C9A9EC90D}.Release|x64.Build.0 = Release|x64
		{548779EF-3ADF-4261-93DC-A5DA5B79D42A}.Debug|Win32.ActiveCfg = Debug|Win32
		{548779EF-3ADF-4261-93DC-A5DA5B79D42A}.Debug|Win32.Build.0 = Debug|Win32
		{548779EF-3ADF-4261-93DC-A5DA5B79D42A}.Debug|x64.ActiveCfg = Debug|x64
		{548779EF-3ADF-4261-93DC-A5DA5B79D42A}.Debug|x64.Build.0 = Debug|x64
		{548779EF-3ADF-4261-93DC-A5DA5B79D42A}.Profile|Win32.ActiveCfg = Release|x64
		{548779EF-3ADF-4261-93DC-A5DA5B79D42A}.Profile|x64.ActiveCfg = Release|x64
		{548779EF-3ADF-4261-93DC-A5DA5B79D42A}.Profile|x64.Build.0 = Release|x64
		{548779EF-3ADF-4261-93DC-A5DA5B79D42A}.Release|Win32.ActiveCfg = Release|Win32
		{548779EF-3ADF-4261-93DC-A5DA5B79D42A}.Release|Win32.Build.0 = Release|Win32
		{548779EF-3ADF-4261-93DC-A5DA5B79D42A}.Release|x64.ActiveCfg = Release|x64
		{548779EF-3ADF-4261-93DC-A5DA5B79D42A}.Release|x64.Build.0 = Release|x64
		{9195EA70-89C2-4CD1-8D68-97903E027847}.Debug|Win32.ActiveCfg = Debug|Win32
		{9195EA70-89C2-4CD1-8D68-97903E027847}.Debug|Win32.Build.0 = Debug|Win32
		{9195EA70-89C2-4CD1-8D68-97903E027847}.Debug|x64.ActiveCfg = Debug|x64
		{9195EA70-89C2-4CD1-8D68-97903E027847}.Debug|x64.Build.0 = Debug|x64
		{9195EA70-89C2-4CD1-8D68-97903E027847}.Profile|Win32.ActiveCfg = Profile|Win32
		{9195EA70-89C2-4CD1-8D68-97903E027847}.Profile|Win32.Build.0 = Profile|Win32
		{9195EA70-89C2-4CD1-8D68-97903E027847}.Profile|x64.ActiveCfg = Profile|x64
		{9195EA70-89C2-4CD1-8D68-97903E027847}.Profile|x64.Build.0 = Profile|x64
		{9195EA70-89C2-4CD1-8D68-97903E027847}.Release|Win32.ActiveCfg = Release|Win32
		{9195EA70-89C2-4CD1-8D68-97903E027847}.Release|Win32.Build.0 = Release|Win32
		{9195EA70-89C2-4CD1-8D68-97903E027847}.Release|x64.ActiveCfg = Release|x64
		{9195EA70-89C2-4CD1-8D68-97903E027847}.Release|x64.Build.0 = Release|x64
		{5E84F6A0-F390-47D1-A113-28693BFBADB5}.Debug|Win32.ActiveCfg = Debug|Win32
		{5E84F6A0-F390-47D1-A113-28693BFBADB5}.Debug|Win32.Build.0 = Debug|Win32
		{5E84F6A0-F390-47D1-A113-28693BFBADB5}.Debug|x64.ActiveCfg = Debug|x64
		{5E84F6A0-F390-47D1-A113-28693BFBADB5}.Debug|x64.Build.0 = Debug|x64
		{5E84F6A0-F390-47D1-A113-28693BFBADB5}.Profile|Win32.ActiveCfg = Release|x64
		{5E84F6A0-F390-47D1-A113-28693BFBADB5}.Profile|x64.ActiveCfg = Release|x64
		{5E84F6A0-F390-47D1-A113-28693BFBADB5}.Profile|x64.Build.0 = Release|x64
		{5E84F6A0-F390-47D1-A113-28693BFBADB5}.Release|Win32.ActiveCfg = Release|Win32
		{5E84F6A0-F390-47D1-A113-28693BFBADB5}.Release|Win32.Build.0 = Release|Win32
		{5E84F6A0-F390-47D1-A113-28693BFBADB5}.Release|x64.ActiveCfg = Release|x64
		{5E84F6A0-F390-47D1-A113-28693BFBADB5}.Release|x64.Build.0 = Release|x64
		{E035D09E-7403-44C3-B170-AC180B1FCB22}.Debug|Win32.ActiveCfg = Debug|Win32
		{E035D09E-7403-44C3-B170-AC180B1FCB22}.Debug|Win32.Build.0 = Debug|Win32
		{E035D09E-7403-44C3-B170-AC180B1FCB22}.Debug|x64.ActiveCfg = Debug|x64
		{E035D09E-7403-44C3-B170-AC180B1FCB22}.Debug|x64.Build.0 = Debug|x64
		{E035D09E-7403-44C3-B170-AC180B1FCB22}.Profile|Win32.ActiveCfg = Profile|Win32
		{E035D09E-7403-44C3-B170-AC180B1FCB22}.Profile|Win32.Build.0 = Profile|Win32
		{E035D09E-7403-44C3-B170-AC180B1FCB22}.Profile|x64.ActiveCfg = Profile|x64
		{E035D09E-7403-44C3-B170-AC180B1FCB22}.Profile|x64.Build.0 = Profile|x64
		{E035D09E-7403-44C3-B170-AC180B1FCB22}.Release|Win32.ActiveCfg = Release|Win32
		{E035D09E-7403-44C3-B170-AC180B1FCB22}.Release|Win32.Build.0 = Release|Win32
		{E035D09E-7403-44C3-B170-AC180B1FCB22}.Release|x64.ActiveCfg = Release|x64
		{E035D09E-7403-44C3-B170-AC180B1FCB22}.Release|x64.Build.0 = Release|x64
		{2986A0EB-76F6-4583-94BC-2FB6DED67CBF}.Debug|Win32.ActiveCfg = Debug|Win32
		{2986A0EB-76F6-4583-94BC-2FB6DED67CBF}.Debug|Win32.Build.0 = Debug|Win32
		{2986A0EB-76F6-4583-94BC-2FB6DED67CBF}.Debug|x64.ActiveCfg = Debug|x64
		{2986A0EB-76F6-4583-94BC-2FB6DED67CBF}.Debug|x64.Build.0 = Debug|x64
		{2986A0EB-76F6-4583-94BC-2FB6DED67CBF}.Profile|Win32.ActiveCfg = Release|x64
		{2986A0EB-76F6-4583-94BC-2FB6DED67CBF}.Profile|x64.ActiveCfg = Release|x64
		{2986A0EB-76F6-4583-94BC-2FB6DED67CBF}.Profile|x64.Build.0 = Release|x64
		{2986A0EB-76F6-4583-94BC-2FB6DED67CBF}.Release|Win32.ActiveCfg = Release|Win32
		{2986A0EB-76F6-4583-94BC-2FB6DED67CBF}.Release|Win32.Build.0 = Release|Win32
		{2986A0EB-76F6-4583-94BC-2FB6DED67CBF}.Release|x64.ActiveCfg = Release|x64
		{2986A0EB-76F6-4583-94BC-2FB6DED67CBF}.Release|x64.Build.0 = Release|x64
		{589BB519-42AC-4733-91C9-5C84759BE2DF}.Debug|Win32.ActiveCfg = Debug|Win32
		{589BB519-42AC-4733-91C9-5C84759BE2DF}.Debug|Win32.Build.0 = Debug|Win32
		{589BB519-42AC-4733-91C9-5C84759BE2DF}.Debug|x64.ActiveCfg = Debug|x64
		{589BB519-42AC-4733-91C9-5C84759BE2DF}.Debug|x64.Build.0 = Debug|x64
		{589BB519-42AC-4733-91C9-5C84759BE2DF}.Profile|Win32.ActiveCfg = Release|x64
		{589BB519-42AC-4733-91C9-5C84759BE2DF}.Profile|x64.ActiveCfg = Release|x64
		{589BB519-42AC-4733-91C9-5C84759BE2DF}.Profile|x64.Build.0 = Release|x64
		{589BB519-42AC-4733-91C9-5C84759BE2DF}.Release|Win32.ActiveCfg = Release|Win32
		{589BB519-42AC-4733-91C9-5C84759BE2DF}.Release|Win32.Build.0 = Release|Win32
		{589BB519-42AC-4733-91C9-5C84759BE2DF}.Release|x64.ActiveCfg = Release|x64
		{589BB519-42AC-4733-91C9-5C84759BE2DF}.Release|x64.Build.0 = Release|x64
		{A71DF00A-AB59-493C-AADF-B1B7778E10BF}.Debug|Win32.ActiveCfg = Debug|Win32
		{A71DF00A-AB59-493C-AADF-B1B7778E10BF}.Debug|Win32.Build.0 = Debug|Win32
		{A71DF00A-AB59-493C-AADF-B1B7778E10BF}.Debug|x64.ActiveCfg = Debug|x64
		{A71DF00A-AB59-493C-AADF-B1B7778E10BF}.Debug|x64.Build.0 = Debug|x64
		{A71DF00A-AB59-493C-AADF-B1B7778E10BF}.Profile|Win32.ActiveCfg = Release|x64
		{A71DF00A-AB59-493C-AADF-B1B7778E10BF}.Profile|x64.ActiveCfg = Release|x64
		{A71DF00A-AB59-493C-AADF-B1B7778E10BF}.Profile|x64.Build.0 = Release|x64
		{A71DF00A-AB59-493C-AADF-B1B7778E10BF}.Release|Win32.ActiveCfg = Release|Win32
		{A71DF00A-AB59-493C-AADF-B1B7778E10BF}.Release|Win32.Build.0 = Release|Win32
		{A71DF00A-AB59-493C-AADF-B1B7778E10BF}.Release|x64.ActiveCfg = Release|x64
		{A71DF00A-AB59-493C-AADF-B1B7778E10BF}.Release|x64.Build.0 = Release|x64
		{2D8F9E2E-F110-41F9-8489-ECA11A0A9157}.Debug|Win32.ActiveCfg = Debug|Win32
		{2D8F9E2E-F110-41F9-8489-ECA11A0A9157}.Debug|Win32.Build.0 = Debug|Win32
		{2D8F9E2E-F110-41F9-8489-ECA11A0A9157}.Debug|x64.ActiveCfg = Debug|x64
		{2D8F9E2E-F110-41F9-8489-ECA11A0A9157}.Debug|x64.Build.0 = Debug|x64
		{2D8F9E2E-F110-41F9-8489-ECA11A0A9157}.Profile|Win32.ActiveCfg = Release|x64
		{2D8F9E2E-F110-41F9-8489-ECA11A0A9157}.Profile|x64.ActiveCfg = Release|x64
		{2D8F9E2E-F110-41F9-8489-ECA11A0A9157}.Profile|x64.Build.0 = Release|x64
		{2D8F9E2E-F110-41F9-8489-ECA11A0A9157}.Release|Win32.ActiveCfg = Release|Win32
		{2D8F9E2E-F110-41F9-8489-ECA11A0A9157}.Release|Win32.Build.0 = Release|Win32
		{2D8F9E2E-F110-41F9-8489-ECA11A0A9157}.Release|x64.ActiveCfg = Release|x64
		{2D8F9E2E-F110-41F9-8489-ECA11A0A9157}.Release|x64.Build.0 = Release|x64
		{FD3EED39-057C-4227-AD0B-D099B72BC578}.Debug|Win32.ActiveCfg = Debug|Win32
		{FD3EED39-057C-4227-AD0B-D099B72BC578}.Debug|Win32.Build.0 = Debug|Win32
		{FD3EED39-057C-4227-AD0B-D099B72BC578}.Debug|x64.ActiveCfg = Debug|x64
		{FD3EED39-057C-4227-AD0B-D099B72BC578}.Debug|x64.Build.0 = Debug|x64
		{FD3EED39-057C-4227-AD0B-D099B72BC578}.Profile|Win32.ActiveCfg = Release|x64
		{FD3EED39-057C-4227-AD0B-D099B72BC578}.Profile|x64.ActiveCfg = Release|x64
		{FD3EED39-057C-4227-AD0B-D099B72BC578}.Profile|x64.Build.0 = Release|x64
		{FD3EED39-057C-4227-AD0B-D099B72BC578}.Release|Win32.ActiveCfg = Release|Win32
		{FD3EED39-057C-4227-AD0B-D099B72BC578}.Release|Win32.Build.0 = Release|Win32
		{FD3EED39-057C-4227-AD0B-D099B72BC578}.Release|x64.ActiveCfg = Release|x64
		{FD3EED39-057C-4227-AD0B-D099B72BC578}.Release|x64.Build.0 = Release|x64
		{69D568D4-CE74-4091-9AF3-42D7C2489A64}.Debug|Win32.ActiveCfg = Debug|Win32
		{69D568D4-CE74-4091-9AF3-42D7C2489A64}.Debug|Win32.Build.0 = Debug|Win32
		{69D568D4-CE74-4091-9AF3-42D7C2489A64}.Debug|x64.ActiveCfg = Debug|x64
		{69D568D4-CE74-4091-9AF3-42D7C2489A64}.Debug|x64.Build.0 = Debug|x64
		{69D568D4-CE74-4091-9AF3-42D7C2489A64}.Profile|Win32.ActiveCfg = Profile|Win32
		{69D568D4-CE74-4091-9AF3-42D7C2489A64}.Profile|Win32.Build.0 = Profile|Win32
		{69D568D4-CE74-4091-9AF3-42D7C2489A64}.Profile|x64.ActiveCfg = Profile|x64
		{69D568D4-CE74-4091-9AF3-42D7C2489A64}.Profile|x64.Build.0 = Profile|x64
		{69D568D4-CE74-4091-9AF3-42D7C2489A64}.Release|Win32.ActiveCfg = Release|Win32
		{69D568D4-CE74-4091-9AF3-42D7C2489A64}.Release|Win32.Build.0 = Release|Win32
		{69D568D4-CE74-4091-9AF3-42D7C2489A64}.Release|x64.ActiveCfg = Release|x64
		{69D568D4-CE74-4091-9AF3-42D7C2489A64}.Release|x64.Build.0 = Release|x64
		{9DDC9169-19C4-4696-B343-2A0869738C9D}.Debug|Win32.ActiveCfg = Debug|Win32
		{9DDC9169-19C4-4696-B343-2A0869738C9D}.Debug|Win32.Build.0 = Debug|Win32
		{9DDC9169-19C4-4696-B343-2A0869738C9D}.Debug|x64.ActiveCfg = Debug|Win32
		{9DDC9169-19C4-4696-B343-2A0869738C9D}.Profile|Win32.ActiveCfg = Release|Win32
		{9DDC9169-19C4-4696-B343-2A0869738C9D}.Profile|Win32.Build.0 = Release|Win32
		{9DDC9169-19C4-4696-B343-2A0869738C9D}.Profile|x64.ActiveCfg = Release|Win32
		{9DDC9169-19C4-4696-B343-2A0869738C9D}.Release|Win32.ActiveCfg = Release|Win32
		{9DDC9169-19C4-4696-B343-2A0869738C9D}.Release|Win32.Build.0 = Release|Win32
		{9DDC9169-19C4-4696-B343-2A0869738C9D}.Release|x64.ActiveCfg = Release|Win32
	EndGlobalSection
	GlobalSection(SolutionProperties) = preSolution
		HideSolutionNode = FALSE
	EndGlobalSection
EndGlobal
